{
  "name": "cloudinary-deduper",
  "version": "1.0.0",
  "lockfileVersion": 3,
  "requires": true,
  "packages": {
    "": {
      "name": "cloudinary-deduper",
      "version": "1.0.0",
      "license": "ISC",
      "dependencies": {
        "cloudinary": "^2.9.0",
        "dotenv": "^17.2.3",
        "imghash": "^1.1.2"
      }
    },
    "node_modules/@canvas/image": {
      "version": "2.0.0",
      "resolved": "https://registry.npmjs.org/@canvas/image/-/image-2.0.0.tgz",
      "integrity": "sha512-DQKEftZ5M4eM8Rzhv8FFZGdOsO8bVjzPC/9pBF+P//HjQM/Xf+PvQRTv97mVpsHt+Pejs1V7ooK6xf+dYgDNpw==",
      "license": "MIT",
      "dependencies": {
        "@canvas/image-data": "^1.0.0",
        "@cwasm/jpeg-turbo": "^0.1.1",
        "@cwasm/lodepng": "^0.1.2",
        "@cwasm/nsbmp": "^0.1.0",
        "@cwasm/nsgif": "^0.1.0",
        "@cwasm/webp": "^0.1.3",
        "decode-ico": "^0.4.1",
        "fast-base64-decode": "^1.0.0",
        "fast-base64-encode": "^1.0.0",
        "fast-base64-length": "^1.0.0",
        "simple-get": "^4.0.1"
      },
      "engines": {
        "node": ">=10"
      }
    },
    "node_modules/@canvas/image-data": {
      "version": "1.1.0",
      "resolved": "https://registry.npmjs.org/@canvas/image-data/-/image-data-1.1.0.tgz",
      "integrity": "sha512-QdObRRjRbcXGmM1tmJ+MrHcaz1MftF2+W7YI+MsphnsCrmtyfS0d5qJbk0MeSbUeyM/jCb0hmnkXPsy026L7dA==",
      "license": "MIT"
    },
    "node_modules/@cwasm/jpeg-turbo": {
      "version": "0.1.3",
      "resolved": "https://registry.npmjs.org/@cwasm/jpeg-turbo/-/jpeg-turbo-0.1.3.tgz",
      "integrity": "sha512-FkZxwwC6r4zhzlqM0nYGaMj/MDSrZPxLOdPdM6ySlgsMfOpNAZcLQkpNF4jP+DmsuUvRoeUD0YSMBvg3jYfK6w==",
      "license": "MIT",
      "dependencies": {
        "@canvas/image-data": "^1.0.0"
      }
    },
    "node_modules/@cwasm/lodepng": {
      "version": "0.1.9",
      "resolved": "https://registry.npmjs.org/@cwasm/lodepng/-/lodepng-0.1.9.tgz",
      "integrity": "sha512-vb2H7/jTxnqJi7hHiEgtFm3smIqVpeY417vN+8cwsq3iTNrHzwnMzFXbeCf2H9Dl13Vh64qgUUcC2mxf6TPODA==",
      "license": "MIT",
      "dependencies": {
        "@canvas/image-data": "^1.0.0"
      },
      "engines": {
        "node": ">=8.0.0"
      }
    },
    "node_modules/@cwasm/nsbmp": {
      "version": "0.1.3",
      "resolved": "https://registry.npmjs.org/@cwasm/nsbmp/-/nsbmp-0.1.3.tgz",
      "integrity": "sha512-APiz9Rj2E049rBapTtwnCGqQeqJjmC85busDQ44UCaujU+LoggUm06NuS1WIBAZcDMRbJOgCFcRWc0tMT2kpfg==",
      "license": "MIT",
      "dependencies": {
        "@canvas/image-data": "^1.0.0"
      }
    },
    "node_modules/@cwasm/nsgif": {
      "version": "0.1.2",
      "resolved": "https://registry.npmjs.org/@cwasm/nsgif/-/nsgif-0.1.2.tgz",
      "integrity": "sha512-LOD5HlL0O5jpnIAl+dLSZcB3v0RBNBjtoaymdCEPe2kyKzaP20BF+jy/QUyOZogQsgMVjusZES3tgwwoiiJ2rA==",
      "license": "MIT",
      "dependencies": {
        "@canvas/image-data": "^1.0.0"
      }
    },
    "node_modules/@cwasm/webp": {
      "version": "0.1.5",
      "resolved": "https://registry.npmjs.org/@cwasm/webp/-/webp-0.1.5.tgz",
      "integrity": "sha512-ceIZQkyxK+s7mmItNcWqqHdOBiJAxYxTnrnPNgUNjldB1M9j+Bp/3eVIVwC8rUFyN/zoFwuT0331pyY3ackaNA==",
      "license": "MIT",
      "dependencies": {
        "@canvas/image-data": "^1.0.0"
      }
    },
    "node_modules/blockhash-core": {
      "version": "0.1.0",
      "resolved": "https://registry.npmjs.org/blockhash-core/-/blockhash-core-0.1.0.tgz",
      "integrity": "sha512-Cv7BgBo0jjVPaeuel4cvxf9LqIGsYNIPz9DAGvvrF9LRlEq9Q3HXu+S8bklPCae0sCxAXic4HGMoImf3FeO3Nw==",
      "license": "MIT"
    },
    "node_modules/cloudinary": {
      "version": "2.9.0",
      "resolved": "https://registry.npmjs.org/cloudinary/-/cloudinary-2.9.0.tgz",
      "integrity": "sha512-F3iKMOy4y0zy0bi5JBp94SC7HY7i/ImfTPSUV07iJmRzH1Iz8WavFfOlJTR1zvYM/xKGoiGZ3my/zy64In0IQQ==",
      "license": "MIT",
      "dependencies": {
        "lodash": "^4.17.21"
      },
      "engines": {
        "node": ">=9"
      }
    },
    "node_modules/decode-bmp": {
      "version": "0.2.1",
      "resolved": "https://registry.npmjs.org/decode-bmp/-/decode-bmp-0.2.1.tgz",
      "integrity": "sha512-NiOaGe+GN0KJqi2STf24hfMkFitDUaIoUU3eKvP/wAbLe8o6FuW5n/x7MHPR0HKvBokp6MQY/j7w8lewEeVCIA==",
      "license": "MIT",
      "dependencies": {
        "@canvas/image-data": "^1.0.0",
        "to-data-view": "^1.1.0"
      },
      "engines": {
        "node": ">=8.6.0"
      }
    },
    "node_modules/decode-ico": {
      "version": "0.4.1",
      "resolved": "https://registry.npmjs.org/decode-ico/-/decode-ico-0.4.1.tgz",
      "integrity": "sha512-69NZfbKIzux1vBOd31al3XnMnH+2mqDhEgLdpygErm4d60N+UwA5Sq5WFjmEDQzumgB9fElojGwWG0vybVfFmA==",
      "license": "MIT",
      "dependencies": {
        "@canvas/image-data": "^1.0.0",
        "decode-bmp": "^0.2.0",
        "to-data-view": "^1.1.0"
      },
      "engines": {
        "node": ">=8.6"
      }
    },
    "node_modules/decompress-response": {
      "version": "6.0.0",
      "resolved": "https://registry.npmjs.org/decompress-response/-/decompress-response-6.0.0.tgz",
      "integrity": "sha512-aW35yZM6Bb/4oJlZncMH2LCoZtJXTRxES17vE3hoRiowU2kWHaJKFkSBDnDR+cm9J+9QhXmREyIfv0pji9ejCQ==",
      "license": "MIT",
      "dependencies": {
        "mimic-response": "^3.1.0"
      },
      "engines": {
        "node": ">=10"
      },
      "funding": {
        "url": "https://github.com/sponsors/sindresorhus"
      }
    },
    "node_modules/dotenv": {
      "version": "17.2.3",
      "resolved": "https://registry.npmjs.org/dotenv/-/dotenv-17.2.3.tgz",
      "integrity": "sha512-JVUnt+DUIzu87TABbhPmNfVdBDt18BLOWjMUFJMSi/Qqg7NTYtabbvSNJGOJ7afbRuv9D/lngizHtP7QyLQ+9w==",
      "license": "BSD-2-Clause",
      "engines": {
        "node": ">=12"
      },
      "funding": {
        "url": "https://dotenvx.com"
      }
    },
    "node_modules/fast-base64-decode": {
      "version": "1.0.0",
      "resolved": "https://registry.npmjs.org/fast-base64-decode/-/fast-base64-decode-1.0.0.tgz",
      "integrity": "sha512-qwaScUgUGBYeDNRnbc/KyllVU88Jk1pRHPStuF/lO7B0/RTRLj7U0lkdTAutlBblY08rwZDff6tNU9cjv6j//Q==",
      "license": "MIT"
    },
    "node_modules/fast-base64-encode": {
      "version": "1.0.0",
      "resolved": "https://registry.npmjs.org/fast-base64-encode/-/fast-base64-encode-1.0.0.tgz",
      "integrity": "sha512-z2XCzVK4fde2cuTEHu2QGkLD6BPtJNKJPn0Z7oINvmhq/quUuIIVPYKUdN0gYeZqOyurjJjBH/bUzK5gafyHvw==",
      "license": "MIT"
    },
    "node_modules/fast-base64-length": {
      "version": "1.0.0",
      "resolved": "https://registry.npmjs.org/fast-base64-length/-/fast-base64-length-1.0.0.tgz",
      "integrity": "sha512-MV+/ioblHx6SMjc/1l4EAnRJyAku6+6DxZ6RW0FoFCF1Aol/Ldb6FqwE3Kn3Ju1aam2m1KCIVoCljhgcG+Umzg==",
      "license": "MIT"
    },
    "node_modules/file-type": {
      "version": "10.11.0",
      "resolved": "https://registry.npmjs.org/file-type/-/file-type-10.11.0.tgz",
      "integrity": "sha512-uzk64HRpUZyTGZtVuvrjP0FYxzQrBf4rojot6J65YMEbwBLB0CWm0CLojVpwpmFmxcE/lkvYICgfcGozbBq6rw==",
      "license": "MIT",
      "engines": {
        "node": ">=6"
      }
    },
    "node_modules/image-type": {
      "version": "4.1.0",
      "resolved": "https://registry.npmjs.org/image-type/-/image-type-4.1.0.tgz",
      "integrity": "sha512-CFJMJ8QK8lJvRlTCEgarL4ro6hfDQKif2HjSvYCdQZESaIPV4v9imrf7BQHK+sQeTeNeMpWciR9hyC/g8ybXEg==",
      "license": "MIT",
      "dependencies": {
        "file-type": "^10.10.0"
      },
      "engines": {
        "node": ">=6"
      }
    },
    "node_modules/imghash": {
      "version": "1.1.2",
      "resolved": "https://registry.npmjs.org/imghash/-/imghash-1.1.2.tgz",
      "integrity": "sha512-RRb0ss/B5yltehhtVLk/41PW+UKP6bBdpt08IRsfM8X5YNU+jIKgApZDb8RFqbb6QC+lOwGJ6niYk1BCusuThw==",
      "license": "MIT",
      "dependencies": {
        "@canvas/image": "^2.0.0",
        "blockhash-core": "^0.1.0",
        "image-type": "^4.1.0",
        "jpeg-js": "^0.4.1"
      },
      "engines": {
        "node": ">=20"
      }
    },
    "node_modules/jpeg-js": {
      "version": "0.4.4",
      "resolved": "https://registry.npmjs.org/jpeg-js/-/jpeg-js-0.4.4.tgz",
      "integrity": "sha512-WZzeDOEtTOBK4Mdsar0IqEU5sMr3vSV2RqkAIzUEV2BHnUfKGyswWFPFwK5EeDo93K3FohSHbLAjj0s1Wzd+dg==",
      "license": "BSD-3-Clause"
    },
    "node_modules/lodash": {
      "version": "4.17.23",
      "resolved": "https://registry.npmjs.org/lodash/-/lodash-4.17.23.tgz",
      "integrity": "sha512-LgVTMpQtIopCi79SJeDiP0TfWi5CNEc/L/aRdTh3yIvmZXTnheWpKjSZhnvMl8iXbC1tFg9gdHHDMLoV7CnG+w==",
      "license": "MIT"
    },
    "node_modules/mimic-response": {
      "version": "3.1.0",
      "resolved": "https://registry.npmjs.org/mimic-response/-/mimic-response-3.1.0.tgz",
      "integrity": "sha512-z0yWI+4FDrrweS8Zmt4Ej5HdJmky15+L2e6Wgn3+iK5fWzb6T3fhNFq2+MeTRb064c6Wr4N/wv0DzQTjNzHNGQ==",
      "license": "MIT",
      "engines": {
        "node": ">=10"
      },
      "funding": {
        "url": "https://github.com/sponsors/sindresorhus"
      }
    },
    "node_modules/once": {
      "version": "1.4.0",
      "resolved": "https://registry.npmjs.org/once/-/once-1.4.0.tgz",
      "integrity": "sha512-lNaJgI+2Q5URQBkccEKHTQOPaXdUxnZZElQTZY0MFUAuaEqe1E+Nyvgdz/aIyNi6Z9MzO5dv1H8n58/GELp3+w==",
      "license": "ISC",
      "dependencies": {
        "wrappy": "1"
      }
    },
    "node_modules/simple-concat": {
      "version": "1.0.1",
      "resolved": "https://registry.npmjs.org/simple-concat/-/simple-concat-1.0.1.tgz",
      "integrity": "sha512-cSFtAPtRhljv69IK0hTVZQ+OfE9nePi/rtJmw5UjHeVyVroEqJXP1sFztKUy1qU+xvz3u/sfYJLa947b7nAN2Q==",
      "funding": [
        {
          "type": "github",
          "url": "https://github.com/sponsors/feross"
        },
        {
          "type": "patreon",
          "url": "https://www.patreon.com/feross"
        },
        {
          "type": "consulting",
          "url": "https://feross.org/support"
        }
      ],
      "license": "MIT"
    },
    "node_modules/simple-get": {
      "version": "4.0.1",
      "resolved": "https://registry.npmjs.org/simple-get/-/simple-get-4.0.1.tgz",
      "integrity": "sha512-brv7p5WgH0jmQJr1ZDDfKDOSeWWg+OVypG99A/5vYGPqJ6pxiaHLy8nxtFjBA7oMa01ebA9gfh1uMCFqOuXxvA==",
      "funding": [
        {
          "type": "github",
          "url": "https://github.com/sponsors/feross"
        },
        {
          "type": "patreon",
          "url": "https://www.patreon.com/feross"
        },
        {
          "type": "consulting",
          "url": "https://feross.org/support"
        }
      ],
      "license": "MIT",
      "dependencies": {
        "decompress-response": "^6.0.0",
        "once": "^1.3.1",
        "simple-concat": "^1.0.0"
      }
    },
    "node_modules/to-data-view": {
      "version": "1.1.0",
      "resolved": "https://registry.npmjs.org/to-data-view/-/to-data-view-1.1.0.tgz",
      "integrity": "sha512-1eAdufMg6mwgmlojAx3QeMnzB/BTVp7Tbndi3U7ftcT2zCZadjxkkmLmd97zmaxWi+sgGcgWrokmpEoy0Dn0vQ==",
      "license": "MIT"
    },
    "node_modules/wrappy": {
      "version": "1.0.2",
      "resolved": "https://registry.npmjs.org/wrappy/-/wrappy-1.0.2.tgz",
      "integrity": "sha512-l4Sp/DRseor9wL6EvV2+TuQn63dMkPjZ/sp9XkghTEbV9KlPS1xUsZ3u7/IQO4wxtcFB4bgpQPRcR3QCvezPcQ==",
      "license": "ISC"
    }
  }
}
